
Microsoft Visual Studio Solution File, Format Version 12.00
# Visual Studio Version 17
VisualStudioVersion = 17.11.35327.3
MinimumVisualStudioVersion = 10.0.40219.1
Project("{FAE04EC0-301F-11D3-BF4B-00C04F79EFBC}") = "FrocConlaborPueblaWeb", "FrocConlaborPueblaWeb\FrocConlaborPueblaWeb.csproj", "{038D350F-F072-438D-841E-657762FC4686}"
EndProject
Global
	GlobalSection(SolutionConfigurationPlatforms) = preSolution
		Debug|Any CPU = Debug|Any CPU
		Release|Any CPU = Release|Any CPU
	EndGlobalSection
	GlobalSection(ProjectConfigurationPlatforms) = postSolution
		{038D350F-F072-438D-841E-657762FC4686}.Debug|Any CPU.ActiveCfg = Debug|Any CPU
		{038D350F-F072-438D-841E-657762FC4686}.Debug|Any CPU.Build.0 = Debug|Any CPU
		{038D350F-F072-438D-841E-657762FC4686}.Release|Any CPU.ActiveCfg = Release|Any CPU
		{038D350F-F072-438D-841E-657762FC4686}.Release|Any CPU.Build.0 = Release|Any CPU
	EndGlobalSection
	GlobalSection(SolutionProperties) = preSolution
		HideSolutionNode = FALSE
	EndGlobalSection
	GlobalSection(ExtensibilityGlobals) = postSolution
		SolutionGuid = {01C88D95-7759-4EA5-A52C-99D497B231FE}
	EndGlobalSection
EndGlobal
